{
  "name": "argex-gps-admin",
  "version": "0.1.0",
  "lockfileVersion": 3,
  "requires": true,
  "packages": {
    "": {
      "name": "argex-gps-admin",
      "version": "0.1.0",
      "devDependencies": {
        "local-static-server": "file:../tools/local-static-server"
      }
    },
    "../tools/local-static-server": {
      "version": "1.0.0",
      "dev": true,
      "bin": {
        "local-static-server": "index.js"
      }
    },
    "node_modules/local-static-server": {
      "resolved": "../tools/local-static-server",
      "link": true
    }
  }
}
